// !$*UTF8*$!
{
	archiveVersion = 1;
	classes = {
	};
	objectVersion = 46;
	objects = {

/* Begin PBXBuildFile section */
		A083FFDA1B004ABB00D815CC /* AppDelegate.swift in Sources */ = {isa = PBXBuildFile; fileRef = A083FFD91B004ABB00D815CC /* AppDelegate.swift */; };
		A083FFDC1B004ABB00D815CC /* ViewController.swift in Sources */ = {isa = PBXBuildFile; fileRef = A083FFDB1B004ABB00D815CC /* ViewController.swift */; };
		A083FFDF1B004ABB00D815CC /* Main.storyboard in Resources */ = {isa = PBXBuildFile; fileRef = A083FFDD1B004ABB00D815CC /* Main.storyboard */; };
		A083FFE11B004ABB00D815CC /* Images.xcassets in Resources */ = {isa = PBXBuildFile; fileRef = A083FFE01B004ABB00D815CC /* Images.xcassets */; };
		A083FFE41B004ABB00D815CC /* LaunchScreen.xib in Resources */ = {isa = PBXBuildFile; fileRef = A083FFE21B004ABB00D815CC /* LaunchScreen.xib */; };
		A083FFF01B004ABB00D815CC /* SelfIntroductionTests.swift in Sources */ = {isa = PBXBuildFile; fileRef = A083FFEF1B004ABB00D815CC /* SelfIntroductionTests.swift */; };
/* End PBXBuildFile section */

/* Begin PBXContainerItemProxy section */
		A083FFEA1B004ABB00D815CC /* PBXContainerItemProxy */ = {
			isa = PBXContainerItemProxy;
			containerPortal = A083FFCC1B004ABA00D815CC /* Project object */;
			proxyType = 1;
			remoteGlobalIDString = A083FFD31B004ABA00D815CC;
			remoteInfo = SelfIntroduction;
		};
/* End PBXContainerItemProxy section */

/* Begin PBXFileReference section */
		A083FFD41B004ABB00D815CC /* SelfIntroduction.app */ = {isa = PBXFileReference; explicitFileType = wrapper.application; includeInIndex = 0; path = SelfIntroduction.app; sourceTree = BUILT_PRODUCTS_DIR; };
		A083FFD81B004ABB00D815CC /* Info.plist */ = {isa = PBXFileReference; lastKnownFileType = text.plist.xml; path = Info.plist; sourceTree = "<group>"; };
		A083FFD91B004ABB00D815CC /* AppDelegate.swift */ = {isa = PBXFileReference; lastKnownFileType = sourcecode.swift; path = AppDelegate.swift; sourceTree = "<group>"; };
		A083FFDB1B004ABB00D815CC /* ViewController.swift */ = {isa = PBXFileReference; lastKnownFileType = sourcecode.swift; path = ViewController.swift; sourceTree = "<group>"; };
		A083FFDE1B004ABB00D815CC /* Base */ = {isa = PBXFileReference; lastKnownFileType = file.storyboard; name = Base; path = Base.lproj/Main.storyboard; sourceTree = "<group>"; };
		A083FFE01B004ABB00D815CC /* Images.xcassets */ = {isa = PBXFileReference; lastKnownFileType = folder.assetcatalog; path = Images.xcassets; sourceTree = "<group>"; };
		A083FFE31B004ABB00D815CC /* Base */ = {isa = PBXFileReference; lastKnownFileType = file.xib; name = Base; path = Base.lproj/LaunchScreen.xib; sourceTree = "<group>"; };
		A083FFE91B004ABB00D815CC /* SelfIntroductionTests.xctest */ = {isa = PBXFileReference; explicitFileType = wrapper.cfbundle; includeInIndex = 0; path = SelfIntroductionTests.xctest; sourceTree = BUILT_PRODUCTS_DIR; };
		A083FFEE1B004ABB00D815CC /* Info.plist */ = {isa = PBXFileReference; lastKnownFileType = text.plist.xml; path = Info.plist; sourceTree = "<group>"; };
		A083FFEF1B004ABB00D815CC /* SelfIntroductionTests.swift */ = {isa = PBXFileReference; lastKnownFileType = sourcecode.swift; path = SelfIntroductionTests.swift; sourceTree = "<group>"; };
/* End PBXFileReference section */

/* Begin PBXFrameworksBuildPhase section */
		A083FFD11B004ABA00D815CC /* Frameworks */ = {
			isa = PBXFrameworksBuildPhase;
			buildActionMask = 2147483647;
			files = (
			);
			runOnlyForDeploymentPostprocessing = 0;
		};
		A083FFE61B004ABB00D815CC /* Frameworks */ = {
			isa = PBXFrameworksBuildPhase;
			buildActionMask = 2147483647;
			files = (
			);
			runOnlyForDeploymentPostprocessing = 0;
		};
/* End PBXFrameworksBuildPhase section */

/* Begin PBXGroup section */
		A083FFCB1B004ABA00D815CC = {
			isa = PBXGroup;
			children = (
				A083FFD61B004ABB00D815CC /* SelfIntroduction */,
				A083FFEC1B004ABB00D815CC /* SelfIntroductionTests */,
				A083FFD51B004ABB00D815CC /* Products */,
			);
			sourceTree = "<group>";
		};
		A083FFD51B004ABB00D815CC /* Products */ = {
			isa = PBXGroup;
			children = (
				A083FFD41B004ABB00D815CC /* SelfIntroduction.app */,
				A083FFE91B004ABB00D815CC /* SelfIntroductionTests.xctest */,
			);
			name = Products;
			sourceTree = "<group>";
		};
		A083FFD61B004ABB00D815CC /* SelfIntroduction */ = {
			isa = PBXGroup;
			children = (
				A083FFD91B004ABB00D815CC /* AppDelegate.swift */,
				A083FFDB1B004ABB00D815CC /* ViewController.swift */,
				A083FFDD1B004ABB00D815CC /* Main.storyboard */,
				A083FFE01B004ABB00D815CC /* Images.xcassets */,
				A083FFE21B004ABB00D815CC /* LaunchScreen.xib */,
				A083FFD71B004ABB00D815CC /* Supporting Files */,
			);
			path = SelfIntroduction;
			sourceTree = "<group>";
		};
		A083FFD71B004ABB00D815CC /* Supporting Files */ = {
			isa = PBXGroup;
			children = (
				A083FFD81B004ABB00D815CC /* Info.plist */,
			);
			name = "Supporting Files";
			sourceTree = "<group>";
		};
		A083FFEC1B004ABB00D815CC /* SelfIntroductionTests */ = {
			isa = PBXGroup;
			children = (
				A083FFEF1B004ABB00D815CC /* SelfIntroductionTests.swift */,
				A083FFED1B004ABB00D815CC /* Supporting Files */,
			);
			path = SelfIntroductionTests;
			sourceTree = "<group>";
		};
		A083FFED1B004ABB00D815CC /* Supporting Files */ = {
			isa = PBXGroup;
			children = (
				A083FFEE1B004ABB00D815CC /* Info.plist */,
			);
			name = "Supporting Files";
			sourceTree = "<group>";
		};
/* End PBXGroup section */

/* Begin PBXNativeTarget section */
		A083FFD31B004ABA00D815CC /* SelfIntroduction */ = {
			isa = PBXNativeTarget;
			buildConfigurationList = A083FFF31B004ABB00D815CC /* Build configuration list for PBXNativeTarget "SelfIntroduction" */;
			buildPhases = (
				A083FFD01B004ABA00D815CC /* Sources */,
				A083FFD11B004ABA00D815CC /* Frameworks */,
				A083FFD21B004ABA00D815CC /* Resources */,
			);
			buildRules = (
			);
			dependencies = (
			);
			name = SelfIntroduction;
			productName = SelfIntroduction;
			productReference = A083FFD41B004ABB00D815CC /* SelfIntroduction.app */;
			productType = "com.apple.product-type.application";
		};
		A083FFE81B004ABB00D815CC /* SelfIntroductionTests */ = {
			isa = PBXNativeTarget;
			buildConfigurationList = A083FFF61B004ABB00D815CC /* Build configuration list for PBXNativeTarget "SelfIntroductionTests" */;
			buildPhases = (
				A083FFE51B004ABB00D815CC /* Sources */,
				A083FFE61B004ABB00D815CC /* Frameworks */,
				A083FFE71B004ABB00D815CC /* Resources */,
			);
			buildRules = (
			);
			dependencies = (
				A083FFEB1B004ABB00D815CC /* PBXTargetDependency */,
			);
			name = SelfIntroductionTests;
			productName = SelfIntroductionTests;
			productReference = A083FFE91B004ABB00D815CC /* SelfIntroductionTests.xctest */;
			productType = "com.apple.product-type.bundle.unit-test";
		};
/* End PBXNativeTarget section */

/* Begin PBXProject section */
		A083FFCC1B004ABA00D815CC /* Project object */ = {
			isa = PBXProject;
			attributes = {
				LastUpgradeCheck = 0630;
				ORGANIZATIONNAME = "Dongdong Li";
				TargetAttributes = {
					A083FFD31B004ABA00D815CC = {
						CreatedOnToolsVersion = 6.3.1;
					};
					A083FFE81B004ABB00D815CC = {
						CreatedOnToolsVersion = 6.3.1;
						TestTargetID = A083FFD31B004ABA00D815CC;
					};
				};
			};
			buildConfigurationList = A083FFCF1B004ABA00D815CC /* Build configuration list for PBXProject "SelfIntroduction" */;
			compatibilityVersion = "Xcode 3.2";
			developmentRegion = English;
			hasScannedForEncodings = 0;
			knownRegions = (
				en,
				Base,
			);
			mainGroup = A083FFCB1B004ABA00D815CC;
			productRefGroup = A083FFD51B004ABB00D815CC /* Products */;
			projectDirPath = "";
			projectRoot = "";
			targets = (
				A083FFD31B004ABA00D815CC /* SelfIntroduction */,
				A083FFE81B004ABB00D815CC /* SelfIntroductionTests */,
			);
		};
/* End PBXProject section */

/* Begin PBXResourcesBuildPhase section */
		A083FFD21B004ABA00D815CC /* Resources */ = {
			isa = PBXResourcesBuildPhase;
			buildActionMask = 2147483647;
			files = (
				A083FFDF1B004ABB00D815CC /* Main.storyboard in Resources */,
				A083FFE41B004ABB00D815CC /* LaunchScreen.xib in Resources */,
				A083FFE11B004ABB00D815CC /* Images.xcassets in Resources */,
			);
			runOnlyForDeploymentPostprocessing = 0;
		};
		A083FFE71B004ABB00D815CC /* Resources */ = {
			isa = PBXResourcesBuildPhase;
			buildActionMask = 2147483647;
			files = (
			);
			runOnlyForDeploymentPostprocessing = 0;
		};
/* End PBXResourcesBuildPhase section */

/* Begin PBXSourcesBuildPhase section */
		A083FFD01B004ABA00D815CC /* Sources */ = {
			isa = PBXSourcesBuildPhase;
			buildActionMask = 2147483647;
			files = (
				A083FFDC1B004ABB00D815CC /* ViewController.swift in Sources */,
				A083FFDA1B004ABB00D815CC /* AppDelegate.swift in Sources */,
			);
			runOnlyForDeploymentPostprocessing = 0;
		};
		A083FFE51B004ABB00D815CC /* Sources */ = {
			isa = PBXSourcesBuildPhase;
			buildActionMask = 2147483647;
			files = (
				A083FFF01B004ABB00D815CC /* SelfIntroductionTests.swift in Sources */,
			);
			runOnlyForDeploymentPostprocessing = 0;
		};
/* End PBXSourcesBuildPhase section */

/* Begin PBXTargetDependency section */
		A083FFEB1B004ABB00D815CC /* PBXTargetDependency */ = {
			isa = PBXTargetDependency;
			target = A083FFD31B004ABA00D815CC /* SelfIntroduction */;
			targetProxy = A083FFEA1B004ABB00D815CC /* PBXContainerItemProxy */;
		};
/* End PBXTargetDependency section */

/* Begin PBXVariantGroup section */
		A083FFDD1B004ABB00D815CC /* Main.storyboard */ = {
			isa = PBXVariantGroup;
			children = (
				A083FFDE1B004ABB00D815CC /* Base */,
			);
			name = Main.storyboard;
			sourceTree = "<group>";
		};
		A083FFE21B004ABB00D815CC /* LaunchScreen.xib */ = {
			isa = PBXVariantGroup;
			children = (
				A083FFE31B004ABB00D815CC /* Base */,
			);
			name = LaunchScreen.xib;
			sourceTree = "<group>";
		};
/* End PBXVariantGroup section */

/* Begin XCBuildConfiguration section */
		A083FFF11B004ABB00D815CC /* Debug */ = {
			isa = XCBuildConfiguration;
			buildSettings = {
				ALWAYS_SEARCH_USER_PATHS = NO;
				CLANG_CXX_LANGUAGE_STANDARD = "gnu++0x";
				CLANG_CXX_LIBRARY = "libc++";
				CLANG_ENABLE_MODULES = YES;
				CLANG_ENABLE_OBJC_ARC = YES;
				CLANG_WARN_BOOL_CONVERSION = YES;
				CLANG_WARN_CONSTANT_CONVERSION = YES;
				CLANG_WARN_DIRECT_OBJC_ISA_USAGE = YES_ERROR;
				CLANG_WARN_EMPTY_BODY = YES;
				CLANG_WARN_ENUM_CONVERSION = YES;
				CLANG_WARN_INT_CONVERSION = YES;
				CLANG_WARN_OBJC_ROOT_CLASS = YES_ERROR;
				CLANG_WARN_UNREACHABLE_CODE = YES;
				CLANG_WARN__DUPLICATE_METHOD_MATCH = YES;
				"CODE_SIGN_IDENTITY[sdk=iphoneos*]" = "iPhone Developer";
				COPY_PHASE_STRIP = NO;
				DEBUG_INFORMATION_FORMAT = "dwarf-with-dsym";
				ENABLE_STRICT_OBJC_MSGSEND = YES;
				GCC_C_LANGUAGE_STANDARD = gnu99;
				GCC_DYNAMIC_NO_PIC = NO;
				GCC_NO_COMMON_BLOCKS = YES;
				GCC_OPTIMIZATION_LEVEL = 0;
				GCC_PREPROCESSOR_DEFINITIONS = (
					"DEBUG=1",
					"$(inherited)",
				);
				GCC_SYMBOLS_PRIVATE_EXTERN = NO;
				GCC_WARN_64_TO_32_BIT_CONVERSION = YES;
				GCC_WARN_ABOUT_RETURN_TYPE = YES_ERROR;
				GCC_WARN_UNDECLARED_SELECTOR = YES;
				GCC_WARN_UNINITIALIZED_AUTOS = YES_AGGRESSIVE;
				GCC_WARN_UNUSED_FUNCTION = YES;
				GCC_WARN_UNUSED_VARIABLE = YES;
				IPHONEOS_DEPLOYMENT_TARGET = 8.3;
				MTL_ENABLE_DEBUG_INFO = YES;
				ONLY_ACTIVE_ARCH = YES;
				SDKROOT = iphoneos;
				SWIFT_OPTIMIZATION_LEVEL = "-Onone";
			};
			name = Debug;
		};
		A083FFF21B004ABB00D815CC /* Release */ = {
			isa = XCBuildConfiguration;
			buildSettings = {
				ALWAYS_SEARCH_USER_PATHS = NO;
				CLANG_CXX_LANGUAGE_STANDARD = "gnu++0x";
				CLANG_CXX_LIBRARY = "libc++";
				CLANG_ENABLE_MODULES = YES;
				CLANG_ENABLE_OBJC_ARC = YES;
				CLANG_WARN_BOOL_CONVERSION = YES;
				CLANG_WARN_CONSTANT_CONVERSION = YES;
				CLANG_WARN_DIRECT_OBJC_ISA_USAGE = YES_ERROR;
				CLANG_WARN_EMPTY_BODY = YES;
				CLANG_WARN_ENUM_CONVERSION = YES;
				CLANG_WARN_INT_CONVERSION = YES;
				CLANG_WARN_OBJC_ROOT_CLASS = YES_ERROR;
				CLANG_WARN_UNREACHABLE_CODE = YES;
				CLANG_WARN__DUPLICATE_METHOD_MATCH = YES;
				"CODE_SIGN_IDENTITY[sdk=iphoneos*]" = "iPhone Developer";
				COPY_PHASE_STRIP = NO;
				DEBUG_INFORMATION_FORMAT = "dwarf-with-dsym";
				ENABLE_NS_ASSERTIONS = NO;
				ENABLE_STRICT_OBJC_MSGSEND = YES;
				GCC_C_LANGUAGE_STANDARD = gnu99;
				GCC_NO_COMMON_BLOCKS = YES;
				GCC_WARN_64_TO_32_BIT_CONVERSION = YES;
				GCC_WARN_ABOUT_RETURN_TYPE = YES_ERROR;
				GCC_WARN_UNDECLARED_SELECTOR = YES;
				GCC_WARN_UNINITIALIZED_AUTOS = YES_AGGRESSIVE;
				GCC_WARN_UNUSED_FUNCTION = YES;
				GCC_WARN_UNUSED_VARIABLE = YES;
				IPHONEOS_DEPLOYMENT_TARGET = 8.3;
				MTL_ENABLE_DEBUG_INFO = NO;
				SDKROOT = iphoneos;
				VALIDATE_PRODUCT = YES;
			};
			name = Release;
		};
		A083FFF41B004ABB00D815CC /* Debug */ = {
			isa = XCBuildConfiguration;
			buildSettings = {
				ASSETCATALOG_COMPILER_APPICON_NAME = AppIcon;
				INFOPLIST_FILE = SelfIntroduction/Info.plist;
				LD_RUNPATH_SEARCH_PATHS = "$(inherited) @executable_path/Frameworks";
				PRODUCT_NAME = "$(TARGET_NAME)";
			};
			name = Debug;
		};
		A083FFF51B004ABB00D815CC /* Release */ = {
			isa = XCBuildConfiguration;
			buildSettings = {
				ASSETCATALOG_COMPILER_APPICON_NAME = AppIcon;
				INFOPLIST_FILE = SelfIntroduction/Info.plist;
				LD_RUNPATH_SEARCH_PATHS = "$(inherited) @executable_path/Frameworks";
				PRODUCT_NAME = "$(TARGET_NAME)";
			};
			name = Release;
		};
		A083FFF71B004ABB00D815CC /* Debug */ = {
			isa = XCBuildConfiguration;
			buildSettings = {
				BUNDLE_LOADER = "$(TEST_HOST)";
				FRAMEWORK_SEARCH_PATHS = (
					"$(SDKROOT)/Developer/Library/Frameworks",
					"$(inherited)",
				);
				GCC_PREPROCESSOR_DEFINITIONS = (
					"DEBUG=1",
					"$(inherited)",
				);
				INFOPLIST_FILE = SelfIntroductionTests/Info.plist;
				LD_RUNPATH_SEARCH_PATHS = "$(inherited) @executable_path/Frameworks @loader_path/Frameworks";
				PRODUCT_NAME = "$(TARGET_NAME)";
				TEST_HOST = "$(BUILT_PRODUCTS_DIR)/SelfIntroduction.app/SelfIntroduction";
			};
			name = Debug;
		};
		A083FFF81B004ABB00D815CC /* Release */ = {
			isa = XCBuildConfiguration;
			buildSettings = {
				BUNDLE_LOADER = "$(TEST_HOST)";
				FRAMEWORK_SEARCH_PATHS = (
					"$(SDKROOT)/Developer/Library/Frameworks",
					"$(inherited)",
				);
				INFOPLIST_FILE = SelfIntroductionTests/Info.plist;
				LD_RUNPATH_SEARCH_PATHS = "$(inherited) @executable_path/Frameworks @loader_path/Frameworks";
				PRODUCT_NAME = "$(TARGET_NAME)";
				TEST_HOST = "$(BUILT_PRODUCTS_DIR)/SelfIntroduction.app/SelfIntroduction";
			};
			name = Release;
		};
/* End XCBuildConfiguration section */

/* Begin XCConfigurationList section */
		A083FFCF1B004ABA00D815CC /* Build configuration list for PBXProject "SelfIntroduction" */ = {
			isa = XCConfigurationList;
			buildConfigurations = (
				A083FFF11B004ABB00D815CC /* Debug */,
				A083FFF21B004ABB00D815CC /* Release */,
			);
			defaultConfigurationIsVisible = 0;
			defaultConfigurationName = Release;
		};
		A083FFF31B004ABB00D815CC /* Build configuration list for PBXNativeTarget "SelfIntroduction" */ = {
			isa = XCConfigurationList;
			buildConfigurations = (
				A083FFF41B004ABB00D815CC /* Debug */,
				A083FFF51B004ABB00D815CC /* Release */,
			);
			defaultConfigurationIsVisible = 0;
		};
		A083FFF61B004ABB00D815CC /* Build configuration list for PBXNativeTarget "SelfIntroductionTests" */ = {
			isa = XCConfigurationList;
			buildConfigurations = (
				A083FFF71B004ABB00D815CC /* Debug */,
				A083FFF81B004ABB00D815CC /* Release */,
			);
			defaultConfigurationIsVisible = 0;
		};
/* End XCConfigurationList section */
	};
	rootObject = A083FFCC1B004ABA00D815CC /* Project object */;
}
